
Microsoft Visual Studio Solution File, Format Version 12.00
# Visual Studio Version 16
VisualStudioVersion = 16.0.31624.102
MinimumVisualStudioVersion = 10.0.40219.1
Project("{9A19103F-16F7-4668-BE54-9A1E7A4F7556}") = "Shop.Web", "Online store of digital electronics\Shop.Web.csproj", "{4092ECF4-8A19-464E-B246-D0DC8A5D7D64}"
EndProject
Global
	GlobalSection(SolutionConfigurationPlatforms) = preSolution
		Debug|Any CPU = Debug|Any CPU
		Release|Any CPU = Release|Any CPU
	EndGlobalSection
	GlobalSection(ProjectConfigurationPlatforms) = postSolution
		{4092ECF4-8A19-464E-B246-D0DC8A5D7D64}.Debug|Any CPU.ActiveCfg = Debug|Any CPU
		{4092ECF4-8A19-464E-B246-D0DC8A5D7D64}.Debug|Any CPU.Build.0 = Debug|Any CPU
		{4092ECF4-8A19-464E-B246-D0DC8A5D7D64}.Release|Any CPU.ActiveCfg = Release|Any CPU
		{4092ECF4-8A19-464E-B246-D0DC8A5D7D64}.Release|Any CPU.Build.0 = Release|Any CPU
	EndGlobalSection
	GlobalSection(SolutionProperties) = preSolution
		HideSolutionNode = FALSE
	EndGlobalSection
	GlobalSection(ExtensibilityGlobals) = postSolution
		SolutionGuid = {64401F85-216A-405C-BD85-998EDCC6EA49}
	EndGlobalSection
EndGlobal
